// !$*UTF8*$!
{
	archiveVersion = 1;
	classes = {
	};
	objectVersion = 51;
	objects = {

/* Begin PBXBuildFile section */
		04263CB5246D66EC00F351E4 /* ProfileViewController.swift in Sources */ = {isa = PBXBuildFile; fileRef = 04263CB4246D66EC00F351E4 /* ProfileViewController.swift */; };
		04263CB7246D725E00F351E4 /* DetailViewController.swift in Sources */ = {isa = PBXBuildFile; fileRef = 04263CB6246D725E00F351E4 /* DetailViewController.swift */; };
		042B1922246C26DA005E9900 /* Constants.swift in Sources */ = {isa = PBXBuildFile; fileRef = 042B1921246C26DA005E9900 /* Constants.swift */; };
		042B1924246C2700005E9900 /* MainViewController.swift in Sources */ = {isa = PBXBuildFile; fileRef = 042B1923246C2700005E9900 /* MainViewController.swift */; };
		042B1926246C271F005E9900 /* RegisterViewController.swift in Sources */ = {isa = PBXBuildFile; fileRef = 042B1925246C271F005E9900 /* RegisterViewController.swift */; };
		042B1928246C272F005E9900 /* LoginViewController.swift in Sources */ = {isa = PBXBuildFile; fileRef = 042B1927246C272F005E9900 /* LoginViewController.swift */; };
		043EC735247D327800D1F52E /* ProjectBoardViewController.swift in Sources */ = {isa = PBXBuildFile; fileRef = 043EC734247D327800D1F52E /* ProjectBoardViewController.swift */; };
		0455F7C4247D28E700DAE9BC /* TabBarController.swift in Sources */ = {isa = PBXBuildFile; fileRef = 0455F7C3247D28E700DAE9BC /* TabBarController.swift */; };
		0455F7C6247D294A00DAE9BC /* HomeViewController.swift in Sources */ = {isa = PBXBuildFile; fileRef = 0455F7C5247D294A00DAE9BC /* HomeViewController.swift */; };
		0458C5BF2495FBCC008C7A2C /* MainView.swift in Sources */ = {isa = PBXBuildFile; fileRef = 0458C5BE2495FBCC008C7A2C /* MainView.swift */; };
		0458C5C12495FCA9008C7A2C /* LoginView.swift in Sources */ = {isa = PBXBuildFile; fileRef = 0458C5C02495FCA9008C7A2C /* LoginView.swift */; };
		0458C5C32495FD0B008C7A2C /* RegisterView.swift in Sources */ = {isa = PBXBuildFile; fileRef = 0458C5C22495FD0B008C7A2C /* RegisterView.swift */; };
		0458C5C52495FD82008C7A2C /* ProfileView.swift in Sources */ = {isa = PBXBuildFile; fileRef = 0458C5C42495FD82008C7A2C /* ProfileView.swift */; };
		0458C5C72495FE05008C7A2C /* DetailView.swift in Sources */ = {isa = PBXBuildFile; fileRef = 0458C5C62495FE05008C7A2C /* DetailView.swift */; };
		0458C5CD24960DBA008C7A2C /* ProjectPost.swift in Sources */ = {isa = PBXBuildFile; fileRef = 0458C5CC24960DBA008C7A2C /* ProjectPost.swift */; };
		047CDDAA2497501200FD80D1 /* ProjectCustomCell.swift in Sources */ = {isa = PBXBuildFile; fileRef = 047CDDA92497501200FD80D1 /* ProjectCustomCell.swift */; };
		04A550C0247D48D300661A4F /* GeneralBoardViewController.swift in Sources */ = {isa = PBXBuildFile; fileRef = 04A550BF247D48D300661A4F /* GeneralBoardViewController.swift */; };
		04A550C2247D49BF00661A4F /* ChatViewController.swift in Sources */ = {isa = PBXBuildFile; fileRef = 04A550C1247D49BF00661A4F /* ChatViewController.swift */; };
		04A550C4247D4A5300661A4F /* UserViewController.swift in Sources */ = {isa = PBXBuildFile; fileRef = 04A550C3247D4A5300661A4F /* UserViewController.swift */; };
		04C24C6F2498A65F00E8673B /* AddPostView.swift in Sources */ = {isa = PBXBuildFile; fileRef = 04C24C6E2498A65F00E8673B /* AddPostView.swift */; };
		04C24C712498CEA000E8673B /* AddPostViewController.swift in Sources */ = {isa = PBXBuildFile; fileRef = 04C24C702498CEA000E8673B /* AddPostViewController.swift */; };
		04C5304D24815B4F00D8A2FF /* GoogleService-Info.plist in Resources */ = {isa = PBXBuildFile; fileRef = 04C5304C24815B4F00D8A2FF /* GoogleService-Info.plist */; };
		04C888F8246FC69500C213EE /* AccountInfo.swift in Sources */ = {isa = PBXBuildFile; fileRef = 04C888F7246FC69500C213EE /* AccountInfo.swift */; };
		58C1E368D0F9A1F1376E1DF0 /* Pods_JoinUs.framework in Frameworks */ = {isa = PBXBuildFile; fileRef = A7FE0EFD4B55B1F639181417 /* Pods_JoinUs.framework */; };
		A30DF895546F4B8C5FC4EC01 /* Pods_JoinUsTests.framework in Frameworks */ = {isa = PBXBuildFile; fileRef = D2D8D9DBE1C0513A03DB4B12 /* Pods_JoinUsTests.framework */; };
		AFDBB16B24A1E12000D85602 /* GeneralBoardCell.swift in Sources */ = {isa = PBXBuildFile; fileRef = AFDBB16A24A1E12000D85602 /* GeneralBoardCell.swift */; };
		AFDBB16E24A1E57700D85602 /* AddGeneralPostView.swift in Sources */ = {isa = PBXBuildFile; fileRef = AFDBB16D24A1E57700D85602 /* AddGeneralPostView.swift */; };
		AFECEC7E24A20A8C000D48A2 /* AddGeneralPostViewController.swift in Sources */ = {isa = PBXBuildFile; fileRef = AFECEC7D24A20A8C000D48A2 /* AddGeneralPostViewController.swift */; };
		FFF81EA52467A0CF009C3D03 /* AppDelegate.swift in Sources */ = {isa = PBXBuildFile; fileRef = FFF81EA42467A0CF009C3D03 /* AppDelegate.swift */; };
		FFF81EA72467A0CF009C3D03 /* SceneDelegate.swift in Sources */ = {isa = PBXBuildFile; fileRef = FFF81EA62467A0CF009C3D03 /* SceneDelegate.swift */; };
		FFF81EAF2467A0CF009C3D03 /* JoinUs.xcdatamodeld in Sources */ = {isa = PBXBuildFile; fileRef = FFF81EAD2467A0CF009C3D03 /* JoinUs.xcdatamodeld */; };
		FFF81EB12467A0D3009C3D03 /* Assets.xcassets in Resources */ = {isa = PBXBuildFile; fileRef = FFF81EB02467A0D3009C3D03 /* Assets.xcassets */; };
		FFF81EB42467A0D3009C3D03 /* LaunchScreen.storyboard in Resources */ = {isa = PBXBuildFile; fileRef = FFF81EB22467A0D3009C3D03 /* LaunchScreen.storyboard */; };
		FFF81EBF2467A0D3009C3D03 /* JoinUsTests.swift in Sources */ = {isa = PBXBuildFile; fileRef = FFF81EBE2467A0D3009C3D03 /* JoinUsTests.swift */; };
/* End PBXBuildFile section */

/* Begin PBXContainerItemProxy section */
		FFF81EBB2467A0D3009C3D03 /* PBXContainerItemProxy */ = {
			isa = PBXContainerItemProxy;
			containerPortal = FFF81E992467A0CF009C3D03 /* Project object */;
			proxyType = 1;
			remoteGlobalIDString = FFF81EA02467A0CF009C3D03;
			remoteInfo = JoinUs;
		};
/* End PBXContainerItemProxy section */

/* Begin PBXFileReference section */
		04263CB4246D66EC00F351E4 /* ProfileViewController.swift */ = {isa = PBXFileReference; lastKnownFileType = sourcecode.swift; path = ProfileViewController.swift; sourceTree = "<group>"; };
		04263CB6246D725E00F351E4 /* DetailViewController.swift */ = {isa = PBXFileReference; lastKnownFileType = sourcecode.swift; path = DetailViewController.swift; sourceTree = "<group>"; };
		042B1921246C26DA005E9900 /* Constants.swift */ = {isa = PBXFileReference; lastKnownFileType = sourcecode.swift; path = Constants.swift; sourceTree = "<group>"; };
		042B1923246C2700005E9900 /* MainViewController.swift */ = {isa = PBXFileReference; lastKnownFileType = sourcecode.swift; path = MainViewController.swift; sourceTree = "<group>"; };
		042B1925246C271F005E9900 /* RegisterViewController.swift */ = {isa = PBXFileReference; lastKnownFileType = sourcecode.swift; path = RegisterViewController.swift; sourceTree = "<group>"; };
		042B1927246C272F005E9900 /* LoginViewController.swift */ = {isa = PBXFileReference; lastKnownFileType = sourcecode.swift; path = LoginViewController.swift; sourceTree = "<group>"; };
		043EC734247D327800D1F52E /* ProjectBoardViewController.swift */ = {isa = PBXFileReference; lastKnownFileType = sourcecode.swift; path = ProjectBoardViewController.swift; sourceTree = "<group>"; };
		0455F7C3247D28E700DAE9BC /* TabBarController.swift */ = {isa = PBXFileReference; lastKnownFileType = sourcecode.swift; path = TabBarController.swift; sourceTree = "<group>"; };
		0455F7C5247D294A00DAE9BC /* HomeViewController.swift */ = {isa = PBXFileReference; lastKnownFileType = sourcecode.swift; path = HomeViewController.swift; sourceTree = "<group>"; };
		0458C5BE2495FBCC008C7A2C /* MainView.swift */ = {isa = PBXFileReference; lastKnownFileType = sourcecode.swift; path = MainView.swift; sourceTree = "<group>"; };
		0458C5C02495FCA9008C7A2C /* LoginView.swift */ = {isa = PBXFileReference; lastKnownFileType = sourcecode.swift; path = LoginView.swift; sourceTree = "<group>"; };
		0458C5C22495FD0B008C7A2C /* RegisterView.swift */ = {isa = PBXFileReference; lastKnownFileType = sourcecode.swift; path = RegisterView.swift; sourceTree = "<group>"; };
		0458C5C42495FD82008C7A2C /* ProfileView.swift */ = {isa = PBXFileReference; lastKnownFileType = sourcecode.swift; path = ProfileView.swift; sourceTree = "<group>"; };
		0458C5C62495FE05008C7A2C /* DetailView.swift */ = {isa = PBXFileReference; lastKnownFileType = sourcecode.swift; path = DetailView.swift; sourceTree = "<group>"; };
		0458C5CC24960DBA008C7A2C /* ProjectPost.swift */ = {isa = PBXFileReference; lastKnownFileType = sourcecode.swift; path = ProjectPost.swift; sourceTree = "<group>"; };
		047CDDA92497501200FD80D1 /* ProjectCustomCell.swift */ = {isa = PBXFileReference; lastKnownFileType = sourcecode.swift; path = ProjectCustomCell.swift; sourceTree = "<group>"; };
		04A550BF247D48D300661A4F /* GeneralBoardViewController.swift */ = {isa = PBXFileReference; lastKnownFileType = sourcecode.swift; path = GeneralBoardViewController.swift; sourceTree = "<group>"; };
		04A550C1247D49BF00661A4F /* ChatViewController.swift */ = {isa = PBXFileReference; lastKnownFileType = sourcecode.swift; path = ChatViewController.swift; sourceTree = "<group>"; };
		04A550C3247D4A5300661A4F /* UserViewController.swift */ = {isa = PBXFileReference; lastKnownFileType = sourcecode.swift; path = UserViewController.swift; sourceTree = "<group>"; };
		04C24C6E2498A65F00E8673B /* AddPostView.swift */ = {isa = PBXFileReference; lastKnownFileType = sourcecode.swift; path = AddPostView.swift; sourceTree = "<group>"; };
		04C24C702498CEA000E8673B /* AddPostViewController.swift */ = {isa = PBXFileReference; lastKnownFileType = sourcecode.swift; path = AddPostViewController.swift; sourceTree = "<group>"; };
		04C5304C24815B4F00D8A2FF /* GoogleService-Info.plist */ = {isa = PBXFileReference; fileEncoding = 4; lastKnownFileType = text.plist.xml; path = "GoogleService-Info.plist"; sourceTree = "<group>"; };
		04C888F7246FC69500C213EE /* AccountInfo.swift */ = {isa = PBXFileReference; lastKnownFileType = sourcecode.swift; path = AccountInfo.swift; sourceTree = "<group>"; };
		0D340FAA10431D4309DA9B98 /* Pods-JoinUsTests.release.xcconfig */ = {isa = PBXFileReference; includeInIndex = 1; lastKnownFileType = text.xcconfig; name = "Pods-JoinUsTests.release.xcconfig"; path = "Target Support Files/Pods-JoinUsTests/Pods-JoinUsTests.release.xcconfig"; sourceTree = "<group>"; };
		6BE19E1B1F05781C97FB2E10 /* Pods-JoinUs.release.xcconfig */ = {isa = PBXFileReference; includeInIndex = 1; lastKnownFileType = text.xcconfig; name = "Pods-JoinUs.release.xcconfig"; path = "Target Support Files/Pods-JoinUs/Pods-JoinUs.release.xcconfig"; sourceTree = "<group>"; };
		A7FE0EFD4B55B1F639181417 /* Pods_JoinUs.framework */ = {isa = PBXFileReference; explicitFileType = wrapper.framework; includeInIndex = 0; path = Pods_JoinUs.framework; sourceTree = BUILT_PRODUCTS_DIR; };
		A99AE34B0FEB61D0A7FA1B31 /* Pods-JoinUsTests.debug.xcconfig */ = {isa = PBXFileReference; includeInIndex = 1; lastKnownFileType = text.xcconfig; name = "Pods-JoinUsTests.debug.xcconfig"; path = "Target Support Files/Pods-JoinUsTests/Pods-JoinUsTests.debug.xcconfig"; sourceTree = "<group>"; };
		AF08A3AF8F9DAC6E1D31F7FE /* Pods-JoinUs.debug.xcconfig */ = {isa = PBXFileReference; includeInIndex = 1; lastKnownFileType = text.xcconfig; name = "Pods-JoinUs.debug.xcconfig"; path = "Target Support Files/Pods-JoinUs/Pods-JoinUs.debug.xcconfig"; sourceTree = "<group>"; };
		AFDBB16A24A1E12000D85602 /* GeneralBoardCell.swift */ = {isa = PBXFileReference; lastKnownFileType = sourcecode.swift; path = GeneralBoardCell.swift; sourceTree = "<group>"; };
		AFDBB16D24A1E57700D85602 /* AddGeneralPostView.swift */ = {isa = PBXFileReference; lastKnownFileType = sourcecode.swift; path = AddGeneralPostView.swift; sourceTree = "<group>"; };
		AFECEC7D24A20A8C000D48A2 /* AddGeneralPostViewController.swift */ = {isa = PBXFileReference; lastKnownFileType = sourcecode.swift; path = AddGeneralPostViewController.swift; sourceTree = "<group>"; };
		D2D8D9DBE1C0513A03DB4B12 /* Pods_JoinUsTests.framework */ = {isa = PBXFileReference; explicitFileType = wrapper.framework; includeInIndex = 0; path = Pods_JoinUsTests.framework; sourceTree = BUILT_PRODUCTS_DIR; };
		FFF81EA12467A0CF009C3D03 /* JoinUs.app */ = {isa = PBXFileReference; explicitFileType = wrapper.application; includeInIndex = 0; path = JoinUs.app; sourceTree = BUILT_PRODUCTS_DIR; };
		FFF81EA42467A0CF009C3D03 /* AppDelegate.swift */ = {isa = PBXFileReference; lastKnownFileType = sourcecode.swift; path = AppDelegate.swift; sourceTree = "<group>"; };
		FFF81EA62467A0CF009C3D03 /* SceneDelegate.swift */ = {isa = PBXFileReference; lastKnownFileType = sourcecode.swift; path = SceneDelegate.swift; sourceTree = "<group>"; };
		FFF81EAE2467A0CF009C3D03 /* JoinUs.xcdatamodel */ = {isa = PBXFileReference; lastKnownFileType = wrapper.xcdatamodel; path = JoinUs.xcdatamodel; sourceTree = "<group>"; };
		FFF81EB02467A0D3009C3D03 /* Assets.xcassets */ = {isa = PBXFileReference; lastKnownFileType = folder.assetcatalog; path = Assets.xcassets; sourceTree = "<group>"; };
		FFF81EB32467A0D3009C3D03 /* Base */ = {isa = PBXFileReference; lastKnownFileType = file.storyboard; name = Base; path = Base.lproj/LaunchScreen.storyboard; sourceTree = "<group>"; };
		FFF81EB52467A0D3009C3D03 /* Info.plist */ = {isa = PBXFileReference; lastKnownFileType = text.plist.xml; path = Info.plist; sourceTree = "<group>"; };
		FFF81EBA2467A0D3009C3D03 /* JoinUsTests.xctest */ = {isa = PBXFileReference; explicitFileType = wrapper.cfbundle; includeInIndex = 0; path = JoinUsTests.xctest; sourceTree = BUILT_PRODUCTS_DIR; };
		FFF81EBE2467A0D3009C3D03 /* JoinUsTests.swift */ = {isa = PBXFileReference; lastKnownFileType = sourcecode.swift; path = JoinUsTests.swift; sourceTree = "<group>"; };
		FFF81EC02467A0D3009C3D03 /* Info.plist */ = {isa = PBXFileReference; lastKnownFileType = text.plist.xml; path = Info.plist; sourceTree = "<group>"; };
/* End PBXFileReference section */

/* Begin PBXFrameworksBuildPhase section */
		FFF81E9E2467A0CF009C3D03 /* Frameworks */ = {
			isa = PBXFrameworksBuildPhase;
			buildActionMask = 2147483647;
			files = (
				58C1E368D0F9A1F1376E1DF0 /* Pods_JoinUs.framework in Frameworks */,
			);
			runOnlyForDeploymentPostprocessing = 0;
		};
		FFF81EB72467A0D3009C3D03 /* Frameworks */ = {
			isa = PBXFrameworksBuildPhase;
			buildActionMask = 2147483647;
			files = (
				A30DF895546F4B8C5FC4EC01 /* Pods_JoinUsTests.framework in Frameworks */,
			);
			runOnlyForDeploymentPostprocessing = 0;
		};
/* End PBXFrameworksBuildPhase section */

/* Begin PBXGroup section */
		04132ED42498A4E40091A787 /* ProjectBoard */ = {
			isa = PBXGroup;
			children = (
				043EC734247D327800D1F52E /* ProjectBoardViewController.swift */,
				04C24C702498CEA000E8673B /* AddPostViewController.swift */,
			);
			path = ProjectBoard;
			sourceTree = "<group>";
		};
		042B191E246C26C0005E9900 /* Model */ = {
			isa = PBXGroup;
			children = (
				04C888F7246FC69500C213EE /* AccountInfo.swift */,
				0458C5CC24960DBA008C7A2C /* ProjectPost.swift */,
				AFDBB16A24A1E12000D85602 /* GeneralBoardCell.swift */,
			);
			path = Model;
			sourceTree = "<group>";
		};
		042B191F246C26C4005E9900 /* VIew */ = {
			isa = PBXGroup;
			children = (
				AFDBB16C24A1E54E00D85602 /* GeneralBoard */,
				0458C5C92495FE93008C7A2C /* Login & Register */,
				0458C5CB24960AE3008C7A2C /* ProjectBoard */,
			);
			path = VIew;
			sourceTree = "<group>";
		};
		042B1920246C26C8005E9900 /* Controller */ = {
			isa = PBXGroup;
			children = (
				0455F7C7247D296300DAE9BC /* Login & Register */,
				0455F7C8247D29C300DAE9BC /* Tab Bar */,
				0455F7C9247D29D900DAE9BC /* Etc */,
			);
			path = Controller;
			sourceTree = "<group>";
		};
		043D4F14F5FD06C6E065D8F2 /* Frameworks */ = {
			isa = PBXGroup;
			children = (
				A7FE0EFD4B55B1F639181417 /* Pods_JoinUs.framework */,
				D2D8D9DBE1C0513A03DB4B12 /* Pods_JoinUsTests.framework */,
			);
			name = Frameworks;
			sourceTree = "<group>";
		};
		0455F7C7247D296300DAE9BC /* Login & Register */ = {
			isa = PBXGroup;
			children = (
				042B1923246C2700005E9900 /* MainViewController.swift */,
				042B1927246C272F005E9900 /* LoginViewController.swift */,
				042B1925246C271F005E9900 /* RegisterViewController.swift */,
				04263CB4246D66EC00F351E4 /* ProfileViewController.swift */,
				04263CB6246D725E00F351E4 /* DetailViewController.swift */,
			);
			path = "Login & Register";
			sourceTree = "<group>";
		};
		0455F7C8247D29C300DAE9BC /* Tab Bar */ = {
			isa = PBXGroup;
			children = (
				AFA5FB2724A1E02C00DE79BE /* GeneralBoard */,
				04132ED42498A4E40091A787 /* ProjectBoard */,
				0455F7C3247D28E700DAE9BC /* TabBarController.swift */,
				0455F7C5247D294A00DAE9BC /* HomeViewController.swift */,
				04A550C1247D49BF00661A4F /* ChatViewController.swift */,
				04A550C3247D4A5300661A4F /* UserViewController.swift */,
			);
			path = "Tab Bar";
			sourceTree = "<group>";
		};
		0455F7C9247D29D900DAE9BC /* Etc */ = {
			isa = PBXGroup;
			children = (
				FFF81EA42467A0CF009C3D03 /* AppDelegate.swift */,
				FFF81EA62467A0CF009C3D03 /* SceneDelegate.swift */,
				042B1921246C26DA005E9900 /* Constants.swift */,
			);
			path = Etc;
			sourceTree = "<group>";
		};
		0458C5C92495FE93008C7A2C /* Login & Register */ = {
			isa = PBXGroup;
			children = (
				0458C5BE2495FBCC008C7A2C /* MainView.swift */,
				0458C5C02495FCA9008C7A2C /* LoginView.swift */,
				0458C5C22495FD0B008C7A2C /* RegisterView.swift */,
				0458C5C42495FD82008C7A2C /* ProfileView.swift */,
				0458C5C62495FE05008C7A2C /* DetailView.swift */,
			);
			path = "Login & Register";
			sourceTree = "<group>";
		};
		0458C5CB24960AE3008C7A2C /* ProjectBoard */ = {
			isa = PBXGroup;
			children = (
				047CDDA92497501200FD80D1 /* ProjectCustomCell.swift */,
				04C24C6E2498A65F00E8673B /* AddPostView.swift */,
			);
			path = ProjectBoard;
			sourceTree = "<group>";
		};
		6CBBADF4866D182D4CCAA55F /* Pods */ = {
			isa = PBXGroup;
			children = (
				AF08A3AF8F9DAC6E1D31F7FE /* Pods-JoinUs.debug.xcconfig */,
				6BE19E1B1F05781C97FB2E10 /* Pods-JoinUs.release.xcconfig */,
				A99AE34B0FEB61D0A7FA1B31 /* Pods-JoinUsTests.debug.xcconfig */,
				0D340FAA10431D4309DA9B98 /* Pods-JoinUsTests.release.xcconfig */,
			);
			path = Pods;
			sourceTree = "<group>";
		};
		AFA5FB2724A1E02C00DE79BE /* GeneralBoard */ = {
			isa = PBXGroup;
			children = (
				04A550BF247D48D300661A4F /* GeneralBoardViewController.swift */,
				AFECEC7D24A20A8C000D48A2 /* AddGeneralPostViewController.swift */,
			);
			path = GeneralBoard;
			sourceTree = "<group>";
		};
		AFDBB16C24A1E54E00D85602 /* GeneralBoard */ = {
			isa = PBXGroup;
			children = (
				AFDBB16D24A1E57700D85602 /* AddGeneralPostView.swift */,
			);
			path = GeneralBoard;
			sourceTree = "<group>";
		};
		FFF81E982467A0CF009C3D03 = {
			isa = PBXGroup;
			children = (
				FFF81EA32467A0CF009C3D03 /* JoinUs */,
				FFF81EBD2467A0D3009C3D03 /* JoinUsTests */,
				FFF81EA22467A0CF009C3D03 /* Products */,
				6CBBADF4866D182D4CCAA55F /* Pods */,
				043D4F14F5FD06C6E065D8F2 /* Frameworks */,
			);
			sourceTree = "<group>";
		};
		FFF81EA22467A0CF009C3D03 /* Products */ = {
			isa = PBXGroup;
			children = (
				FFF81EA12467A0CF009C3D03 /* JoinUs.app */,
				FFF81EBA2467A0D3009C3D03 /* JoinUsTests.xctest */,
			);
			name = Products;
			sourceTree = "<group>";
		};
		FFF81EA32467A0CF009C3D03 /* JoinUs */ = {
			isa = PBXGroup;
			children = (
				042B191E246C26C0005E9900 /* Model */,
				042B191F246C26C4005E9900 /* VIew */,
				042B1920246C26C8005E9900 /* Controller */,
				FFF81EB02467A0D3009C3D03 /* Assets.xcassets */,
				FFF81EB22467A0D3009C3D03 /* LaunchScreen.storyboard */,
				FFF81EB52467A0D3009C3D03 /* Info.plist */,
				04C5304C24815B4F00D8A2FF /* GoogleService-Info.plist */,
				FFF81EAD2467A0CF009C3D03 /* JoinUs.xcdatamodeld */,
			);
			path = JoinUs;
			sourceTree = "<group>";
		};
		FFF81EBD2467A0D3009C3D03 /* JoinUsTests */ = {
			isa = PBXGroup;
			children = (
				FFF81EBE2467A0D3009C3D03 /* JoinUsTests.swift */,
				FFF81EC02467A0D3009C3D03 /* Info.plist */,
			);
			path = JoinUsTests;
			sourceTree = "<group>";
		};
/* End PBXGroup section */

/* Begin PBXNativeTarget section */
		FFF81EA02467A0CF009C3D03 /* JoinUs */ = {
			isa = PBXNativeTarget;
			buildConfigurationList = FFF81EC32467A0D3009C3D03 /* Build configuration list for PBXNativeTarget "JoinUs" */;
			buildPhases = (
				DEC5132363779D7DBDC570E0 /* [CP] Check Pods Manifest.lock */,
				FFF81E9D2467A0CF009C3D03 /* Sources */,
				FFF81E9E2467A0CF009C3D03 /* Frameworks */,
				FFF81E9F2467A0CF009C3D03 /* Resources */,
				61D37EDE3222DE8B9FE55B93 /* [CP] Embed Pods Frameworks */,
			);
			buildRules = (
			);
			dependencies = (
			);
			name = JoinUs;
			productName = JoinUs;
			productReference = FFF81EA12467A0CF009C3D03 /* JoinUs.app */;
			productType = "com.apple.product-type.application";
		};
		FFF81EB92467A0D3009C3D03 /* JoinUsTests */ = {
			isa = PBXNativeTarget;
			buildConfigurationList = FFF81EC62467A0D3009C3D03 /* Build configuration list for PBXNativeTarget "JoinUsTests" */;
			buildPhases = (
				EFDD19FE1BB5C2D40B90CEF6 /* [CP] Check Pods Manifest.lock */,
				FFF81EB62467A0D3009C3D03 /* Sources */,
				FFF81EB72467A0D3009C3D03 /* Frameworks */,
				FFF81EB82467A0D3009C3D03 /* Resources */,
			);
			buildRules = (
			);
			dependencies = (
				FFF81EBC2467A0D3009C3D03 /* PBXTargetDependency */,
			);
			name = JoinUsTests;
			productName = JoinUsTests;
			productReference = FFF81EBA2467A0D3009C3D03 /* JoinUsTests.xctest */;
			productType = "com.apple.product-type.bundle.unit-test";
		};
/* End PBXNativeTarget section */

/* Begin PBXProject section */
		FFF81E992467A0CF009C3D03 /* Project object */ = {
			isa = PBXProject;
			attributes = {
				LastSwiftUpdateCheck = 1110;
				LastUpgradeCheck = 1110;
				ORGANIZATIONNAME = iosNowon;
				TargetAttributes = {
					FFF81EA02467A0CF009C3D03 = {
						CreatedOnToolsVersion = 11.1;
					};
					FFF81EB92467A0D3009C3D03 = {
						CreatedOnToolsVersion = 11.1;
						TestTargetID = FFF81EA02467A0CF009C3D03;
					};
				};
			};
			buildConfigurationList = FFF81E9C2467A0CF009C3D03 /* Build configuration list for PBXProject "JoinUs" */;
			compatibilityVersion = "Xcode 9.3";
			developmentRegion = en;
			hasScannedForEncodings = 0;
			knownRegions = (
				en,
				Base,
			);
			mainGroup = FFF81E982467A0CF009C3D03;
			productRefGroup = FFF81EA22467A0CF009C3D03 /* Products */;
			projectDirPath = "";
			projectRoot = "";
			targets = (
				FFF81EA02467A0CF009C3D03 /* JoinUs */,
				FFF81EB92467A0D3009C3D03 /* JoinUsTests */,
			);
		};
/* End PBXProject section */

/* Begin PBXResourcesBuildPhase section */
		FFF81E9F2467A0CF009C3D03 /* Resources */ = {
			isa = PBXResourcesBuildPhase;
			buildActionMask = 2147483647;
			files = (
				FFF81EB42467A0D3009C3D03 /* LaunchScreen.storyboard in Resources */,
				04C5304D24815B4F00D8A2FF /* GoogleService-Info.plist in Resources */,
				FFF81EB12467A0D3009C3D03 /* Assets.xcassets in Resources */,
			);
			runOnlyForDeploymentPostprocessing = 0;
		};
		FFF81EB82467A0D3009C3D03 /* Resources */ = {
			isa = PBXResourcesBuildPhase;
			buildActionMask = 2147483647;
			files = (
			);
			runOnlyForDeploymentPostprocessing = 0;
		};
/* End PBXResourcesBuildPhase section */

/* Begin PBXShellScriptBuildPhase section */
		61D37EDE3222DE8B9FE55B93 /* [CP] Embed Pods Frameworks */ = {
			isa = PBXShellScriptBuildPhase;
			buildActionMask = 2147483647;
			files = (
			);
			inputFileListPaths = (
				"${PODS_ROOT}/Target Support Files/Pods-JoinUs/Pods-JoinUs-frameworks-${CONFIGURATION}-input-files.xcfilelist",
			);
			name = "[CP] Embed Pods Frameworks";
			outputFileListPaths = (
				"${PODS_ROOT}/Target Support Files/Pods-JoinUs/Pods-JoinUs-frameworks-${CONFIGURATION}-output-files.xcfilelist",
			);
			runOnlyForDeploymentPostprocessing = 0;
			shellPath = /bin/sh;
			shellScript = "\"${PODS_ROOT}/Target Support Files/Pods-JoinUs/Pods-JoinUs-frameworks.sh\"\n";
			showEnvVarsInLog = 0;
		};
		DEC5132363779D7DBDC570E0 /* [CP] Check Pods Manifest.lock */ = {
			isa = PBXShellScriptBuildPhase;
			buildActionMask = 2147483647;
			files = (
			);
			inputFileListPaths = (
			);
			inputPaths = (
				"${PODS_PODFILE_DIR_PATH}/Podfile.lock",
				"${PODS_ROOT}/Manifest.lock",
			);
			name = "[CP] Check Pods Manifest.lock";
			outputFileListPaths = (
			);
			outputPaths = (
				"$(DERIVED_FILE_DIR)/Pods-JoinUs-checkManifestLockResult.txt",
			);
			runOnlyForDeploymentPostprocessing = 0;
			shellPath = /bin/sh;
			shellScript = "diff \"${PODS_PODFILE_DIR_PATH}/Podfile.lock\" \"${PODS_ROOT}/Manifest.lock\" > /dev/null\nif [ $? != 0 ] ; then\n    # print error to STDERR\n    echo \"error: The sandbox is not in sync with the Podfile.lock. Run 'pod install' or update your CocoaPods installation.\" >&2\n    exit 1\nfi\n# This output is used by Xcode 'outputs' to avoid re-running this script phase.\necho \"SUCCESS\" > \"${SCRIPT_OUTPUT_FILE_0}\"\n";
			showEnvVarsInLog = 0;
		};
		EFDD19FE1BB5C2D40B90CEF6 /* [CP] Check Pods Manifest.lock */ = {
			isa = PBXShellScriptBuildPhase;
			buildActionMask = 2147483647;
			files = (
			);
			inputFileListPaths = (
			);
			inputPaths = (
				"${PODS_PODFILE_DIR_PATH}/Podfile.lock",
				"${PODS_ROOT}/Manifest.lock",
			);
			name = "[CP] Check Pods Manifest.lock";
			outputFileListPaths = (
			);
			outputPaths = (
				"$(DERIVED_FILE_DIR)/Pods-JoinUsTests-checkManifestLockResult.txt",
			);
			runOnlyForDeploymentPostprocessing = 0;
			shellPath = /bin/sh;
			shellScript = "diff \"${PODS_PODFILE_DIR_PATH}/Podfile.lock\" \"${PODS_ROOT}/Manifest.lock\" > /dev/null\nif [ $? != 0 ] ; then\n    # print error to STDERR\n    echo \"error: The sandbox is not in sync with the Podfile.lock. Run 'pod install' or update your CocoaPods installation.\" >&2\n    exit 1\nfi\n# This output is used by Xcode 'outputs' to avoid re-running this script phase.\necho \"SUCCESS\" > \"${SCRIPT_OUTPUT_FILE_0}\"\n";
			showEnvVarsInLog = 0;
		};
/* End PBXShellScriptBuildPhase section */

/* Begin PBXSourcesBuildPhase section */
		FFF81E9D2467A0CF009C3D03 /* Sources */ = {
			isa = PBXSourcesBuildPhase;
			buildActionMask = 2147483647;
			files = (
				042B1922246C26DA005E9900 /* Constants.swift in Sources */,
				04A550C4247D4A5300661A4F /* UserViewController.swift in Sources */,
				042B1926246C271F005E9900 /* RegisterViewController.swift in Sources */,
				AFDBB16B24A1E12000D85602 /* GeneralBoardCell.swift in Sources */,
				0455F7C4247D28E700DAE9BC /* TabBarController.swift in Sources */,
				0458C5CD24960DBA008C7A2C /* ProjectPost.swift in Sources */,
				FFF81EA52467A0CF009C3D03 /* AppDelegate.swift in Sources */,
				04C24C712498CEA000E8673B /* AddPostViewController.swift in Sources */,
				042B1928246C272F005E9900 /* LoginViewController.swift in Sources */,
				042B1924246C2700005E9900 /* MainViewController.swift in Sources */,
				043EC735247D327800D1F52E /* ProjectBoardViewController.swift in Sources */,
				0458C5C32495FD0B008C7A2C /* RegisterView.swift in Sources */,
				04263CB5246D66EC00F351E4 /* ProfileViewController.swift in Sources */,
				AFECEC7E24A20A8C000D48A2 /* AddGeneralPostViewController.swift in Sources */,
				0458C5C72495FE05008C7A2C /* DetailView.swift in Sources */,
				04C888F8246FC69500C213EE /* AccountInfo.swift in Sources */,
				04263CB7246D725E00F351E4 /* DetailViewController.swift in Sources */,
				0458C5C52495FD82008C7A2C /* ProfileView.swift in Sources */,
				0458C5BF2495FBCC008C7A2C /* MainView.swift in Sources */,
				0458C5C12495FCA9008C7A2C /* LoginView.swift in Sources */,
				AFDBB16E24A1E57700D85602 /* AddGeneralPostView.swift in Sources */,
				04A550C0247D48D300661A4F /* GeneralBoardViewController.swift in Sources */,
				047CDDAA2497501200FD80D1 /* ProjectCustomCell.swift in Sources */,
				FFF81EA72467A0CF009C3D03 /* SceneDelegate.swift in Sources */,
				FFF81EAF2467A0CF009C3D03 /* JoinUs.xcdatamodeld in Sources */,
				04A550C2247D49BF00661A4F /* ChatViewController.swift in Sources */,
				04C24C6F2498A65F00E8673B /* AddPostView.swift in Sources */,
				0455F7C6247D294A00DAE9BC /* HomeViewController.swift in Sources */,
			);
			runOnlyForDeploymentPostprocessing = 0;
		};
		FFF81EB62467A0D3009C3D03 /* Sources */ = {
			isa = PBXSourcesBuildPhase;
			buildActionMask = 2147483647;
			files = (
				FFF81EBF2467A0D3009C3D03 /* JoinUsTests.swift in Sources */,
			);
			runOnlyForDeploymentPostprocessing = 0;
		};
/* End PBXSourcesBuildPhase section */

/* Begin PBXTargetDependency section */
		FFF81EBC2467A0D3009C3D03 /* PBXTargetDependency */ = {
			isa = PBXTargetDependency;
			target = FFF81EA02467A0CF009C3D03 /* JoinUs */;
			targetProxy = FFF81EBB2467A0D3009C3D03 /* PBXContainerItemProxy */;
		};
/* End PBXTargetDependency section */

/* Begin PBXVariantGroup section */
		FFF81EB22467A0D3009C3D03 /* LaunchScreen.storyboard */ = {
			isa = PBXVariantGroup;
			children = (
				FFF81EB32467A0D3009C3D03 /* Base */,
			);
			name = LaunchScreen.storyboard;
			sourceTree = "<group>";
		};
/* End PBXVariantGroup section */

/* Begin XCBuildConfiguration section */
		FFF81EC12467A0D3009C3D03 /* Debug */ = {
			isa = XCBuildConfiguration;
			buildSettings = {
				ALWAYS_SEARCH_USER_PATHS = NO;
				CLANG_ANALYZER_NONNULL = YES;
				CLANG_ANALYZER_NUMBER_OBJECT_CONVERSION = YES_AGGRESSIVE;
				CLANG_CXX_LANGUAGE_STANDARD = "gnu++14";
				CLANG_CXX_LIBRARY = "libc++";
				CLANG_ENABLE_MODULES = YES;
				CLANG_ENABLE_OBJC_ARC = YES;
				CLANG_ENABLE_OBJC_WEAK = YES;
				CLANG_WARN_BLOCK_CAPTURE_AUTORELEASING = YES;
				CLANG_WARN_BOOL_CONVERSION = YES;
				CLANG_WARN_COMMA = YES;
				CLANG_WARN_CONSTANT_CONVERSION = YES;
				CLANG_WARN_DEPRECATED_OBJC_IMPLEMENTATIONS = YES;
				CLANG_WARN_DIRECT_OBJC_ISA_USAGE = YES_ERROR;
				CLANG_WARN_DOCUMENTATION_COMMENTS = YES;
				CLANG_WARN_EMPTY_BODY = YES;
				CLANG_WARN_ENUM_CONVERSION = YES;
				CLANG_WARN_INFINITE_RECURSION = YES;
				CLANG_WARN_INT_CONVERSION = YES;
				CLANG_WARN_NON_LITERAL_NULL_CONVERSION = YES;
				CLANG_WARN_OBJC_IMPLICIT_RETAIN_SELF = YES;
				CLANG_WARN_OBJC_LITERAL_CONVERSION = YES;
				CLANG_WARN_OBJC_ROOT_CLASS = YES_ERROR;
				CLANG_WARN_RANGE_LOOP_ANALYSIS = YES;
				CLANG_WARN_STRICT_PROTOTYPES = YES;
				CLANG_WARN_SUSPICIOUS_MOVE = YES;
				CLANG_WARN_UNGUARDED_AVAILABILITY = YES_AGGRESSIVE;
				CLANG_WARN_UNREACHABLE_CODE = YES;
				CLANG_WARN__DUPLICATE_METHOD_MATCH = YES;
				COPY_PHASE_STRIP = NO;
				DEBUG_INFORMATION_FORMAT = dwarf;
				ENABLE_STRICT_OBJC_MSGSEND = YES;
				ENABLE_TESTABILITY = YES;
				GCC_C_LANGUAGE_STANDARD = gnu11;
				GCC_DYNAMIC_NO_PIC = NO;
				GCC_NO_COMMON_BLOCKS = YES;
				GCC_OPTIMIZATION_LEVEL = 0;
				GCC_PREPROCESSOR_DEFINITIONS = (
					"DEBUG=1",
					"$(inherited)",
				);
				GCC_WARN_64_TO_32_BIT_CONVERSION = YES;
				GCC_WARN_ABOUT_RETURN_TYPE = YES_ERROR;
				GCC_WARN_UNDECLARED_SELECTOR = YES;
				GCC_WARN_UNINITIALIZED_AUTOS = YES_AGGRESSIVE;
				GCC_WARN_UNUSED_FUNCTION = YES;
				GCC_WARN_UNUSED_VARIABLE = YES;
				IPHONEOS_DEPLOYMENT_TARGET = 13.1;
				MTL_ENABLE_DEBUG_INFO = INCLUDE_SOURCE;
				MTL_FAST_MATH = YES;
				ONLY_ACTIVE_ARCH = YES;
				SDKROOT = iphoneos;
				SWIFT_ACTIVE_COMPILATION_CONDITIONS = DEBUG;
				SWIFT_OPTIMIZATION_LEVEL = "-Onone";
			};
			name = Debug;
		};
		FFF81EC22467A0D3009C3D03 /* Release */ = {
			isa = XCBuildConfiguration;
			buildSettings = {
				ALWAYS_SEARCH_USER_PATHS = NO;
				CLANG_ANALYZER_NONNULL = YES;
				CLANG_ANALYZER_NUMBER_OBJECT_CONVERSION = YES_AGGRESSIVE;
				CLANG_CXX_LANGUAGE_STANDARD = "gnu++14";
				CLANG_CXX_LIBRARY = "libc++";
				CLANG_ENABLE_MODULES = YES;
				CLANG_ENABLE_OBJC_ARC = YES;
				CLANG_ENABLE_OBJC_WEAK = YES;
				CLANG_WARN_BLOCK_CAPTURE_AUTORELEASING = YES;
				CLANG_WARN_BOOL_CONVERSION = YES;
				CLANG_WARN_COMMA = YES;
				CLANG_WARN_CONSTANT_CONVERSION = YES;
				CLANG_WARN_DEPRECATED_OBJC_IMPLEMENTATIONS = YES;
				CLANG_WARN_DIRECT_OBJC_ISA_USAGE = YES_ERROR;
				CLANG_WARN_DOCUMENTATION_COMMENTS = YES;
				CLANG_WARN_EMPTY_BODY = YES;
				CLANG_WARN_ENUM_CONVERSION = YES;
				CLANG_WARN_INFINITE_RECURSION = YES;
				CLANG_WARN_INT_CONVERSION = YES;
				CLANG_WARN_NON_LITERAL_NULL_CONVERSION = YES;
				CLANG_WARN_OBJC_IMPLICIT_RETAIN_SELF = YES;
				CLANG_WARN_OBJC_LITERAL_CONVERSION = YES;
				CLANG_WARN_OBJC_ROOT_CLASS = YES_ERROR;
				CLANG_WARN_RANGE_LOOP_ANALYSIS = YES;
				CLANG_WARN_STRICT_PROTOTYPES = YES;
				CLANG_WARN_SUSPICIOUS_MOVE = YES;
				CLANG_WARN_UNGUARDED_AVAILABILITY = YES_AGGRESSIVE;
				CLANG_WARN_UNREACHABLE_CODE = YES;
				CLANG_WARN__DUPLICATE_METHOD_MATCH = YES;
				COPY_PHASE_STRIP = NO;
				DEBUG_INFORMATION_FORMAT = "dwarf-with-dsym";
				ENABLE_NS_ASSERTIONS = NO;
				ENABLE_STRICT_OBJC_MSGSEND = YES;
				GCC_C_LANGUAGE_STANDARD = gnu11;
				GCC_NO_COMMON_BLOCKS = YES;
				GCC_WARN_64_TO_32_BIT_CONVERSION = YES;
				GCC_WARN_ABOUT_RETURN_TYPE = YES_ERROR;
				GCC_WARN_UNDECLARED_SELECTOR = YES;
				GCC_WARN_UNINITIALIZED_AUTOS = YES_AGGRESSIVE;
				GCC_WARN_UNUSED_FUNCTION = YES;
				GCC_WARN_UNUSED_VARIABLE = YES;
				IPHONEOS_DEPLOYMENT_TARGET = 13.1;
				MTL_ENABLE_DEBUG_INFO = NO;
				MTL_FAST_MATH = YES;
				SDKROOT = iphoneos;
				SWIFT_COMPILATION_MODE = wholemodule;
				SWIFT_OPTIMIZATION_LEVEL = "-O";
				VALIDATE_PRODUCT = YES;
			};
			name = Release;
		};
		FFF81EC42467A0D3009C3D03 /* Debug */ = {
			isa = XCBuildConfiguration;
			baseConfigurationReference = AF08A3AF8F9DAC6E1D31F7FE /* Pods-JoinUs.debug.xcconfig */;
			buildSettings = {
				ASSETCATALOG_COMPILER_APPICON_NAME = AppIcon;
				CODE_SIGN_STYLE = Automatic;
				DEVELOPMENT_TEAM = Q8ZH9Z7LV2;
				INFOPLIST_FILE = JoinUs/Info.plist;
				LD_RUNPATH_SEARCH_PATHS = (
					"$(inherited)",
					"@executable_path/Frameworks",
				);
				PRODUCT_BUNDLE_IDENTIFIER = kr.paulo.JoinUs;
				PRODUCT_NAME = "$(TARGET_NAME)";
				SWIFT_VERSION = 5.0;
				TARGETED_DEVICE_FAMILY = "1,2";
			};
			name = Debug;
		};
		FFF81EC52467A0D3009C3D03 /* Release */ = {
			isa = XCBuildConfiguration;
			baseConfigurationReference = 6BE19E1B1F05781C97FB2E10 /* Pods-JoinUs.release.xcconfig */;
			buildSettings = {
				ASSETCATALOG_COMPILER_APPICON_NAME = AppIcon;
				CODE_SIGN_STYLE = Automatic;
				DEVELOPMENT_TEAM = Q8ZH9Z7LV2;
				INFOPLIST_FILE = JoinUs/Info.plist;
				LD_RUNPATH_SEARCH_PATHS = (
					"$(inherited)",
					"@executable_path/Frameworks",
				);
				PRODUCT_BUNDLE_IDENTIFIER = kr.paulo.JoinUs;
				PRODUCT_NAME = "$(TARGET_NAME)";
				SWIFT_VERSION = 5.0;
				TARGETED_DEVICE_FAMILY = "1,2";
			};
			name = Release;
		};
		FFF81EC72467A0D3009C3D03 /* Debug */ = {
			isa = XCBuildConfiguration;
			baseConfigurationReference = A99AE34B0FEB61D0A7FA1B31 /* Pods-JoinUsTests.debug.xcconfig */;
			buildSettings = {
				ALWAYS_EMBED_SWIFT_STANDARD_LIBRARIES = YES;
				BUNDLE_LOADER = "$(TEST_HOST)";
				CODE_SIGN_STYLE = Automatic;
				DEVELOPMENT_TEAM = Q8ZH9Z7LV2;
				INFOPLIST_FILE = JoinUsTests/Info.plist;
				IPHONEOS_DEPLOYMENT_TARGET = 13.1;
				LD_RUNPATH_SEARCH_PATHS = (
					"$(inherited)",
					"@executable_path/Frameworks",
					"@loader_path/Frameworks",
				);
				PRODUCT_BUNDLE_IDENTIFIER = kr.paulo.JoinUsTests;
				PRODUCT_NAME = "$(TARGET_NAME)";
				SWIFT_VERSION = 5.0;
				TARGETED_DEVICE_FAMILY = "1,2";
				TEST_HOST = "$(BUILT_PRODUCTS_DIR)/JoinUs.app/JoinUs";
			};
			name = Debug;
		};
		FFF81EC82467A0D3009C3D03 /* Release */ = {
			isa = XCBuildConfiguration;
			baseConfigurationReference = 0D340FAA10431D4309DA9B98 /* Pods-JoinUsTests.release.xcconfig */;
			buildSettings = {
				ALWAYS_EMBED_SWIFT_STANDARD_LIBRARIES = YES;
				BUNDLE_LOADER = "$(TEST_HOST)";
				CODE_SIGN_STYLE = Automatic;
				DEVELOPMENT_TEAM = Q8ZH9Z7LV2;
				INFOPLIST_FILE = JoinUsTests/Info.plist;
				IPHONEOS_DEPLOYMENT_TARGET = 13.1;
				LD_RUNPATH_SEARCH_PATHS = (
					"$(inherited)",
					"@executable_path/Frameworks",
					"@loader_path/Frameworks",
				);
				PRODUCT_BUNDLE_IDENTIFIER = kr.paulo.JoinUsTests;
				PRODUCT_NAME = "$(TARGET_NAME)";
				SWIFT_VERSION = 5.0;
				TARGETED_DEVICE_FAMILY = "1,2";
				TEST_HOST = "$(BUILT_PRODUCTS_DIR)/JoinUs.app/JoinUs";
			};
			name = Release;
		};
/* End XCBuildConfiguration section */

/* Begin XCConfigurationList section */
		FFF81E9C2467A0CF009C3D03 /* Build configuration list for PBXProject "JoinUs" */ = {
			isa = XCConfigurationList;
			buildConfigurations = (
				FFF81EC12467A0D3009C3D03 /* Debug */,
				FFF81EC22467A0D3009C3D03 /* Release */,
			);
			defaultConfigurationIsVisible = 0;
			defaultConfigurationName = Release;
		};
		FFF81EC32467A0D3009C3D03 /* Build configuration list for PBXNativeTarget "JoinUs" */ = {
			isa = XCConfigurationList;
			buildConfigurations = (
				FFF81EC42467A0D3009C3D03 /* Debug */,
				FFF81EC52467A0D3009C3D03 /* Release */,
			);
			defaultConfigurationIsVisible = 0;
			defaultConfigurationName = Release;
		};
		FFF81EC62467A0D3009C3D03 /* Build configuration list for PBXNativeTarget "JoinUsTests" */ = {
			isa = XCConfigurationList;
			buildConfigurations = (
				FFF81EC72467A0D3009C3D03 /* Debug */,
				FFF81EC82467A0D3009C3D03 /* Release */,
			);
			defaultConfigurationIsVisible = 0;
			defaultConfigurationName = Release;
		};
/* End XCConfigurationList section */

/* Begin XCVersionGroup section */
		FFF81EAD2467A0CF009C3D03 /* JoinUs.xcdatamodeld */ = {
			isa = XCVersionGroup;
			children = (
				FFF81EAE2467A0CF009C3D03 /* JoinUs.xcdatamodel */,
			);
			currentVersion = FFF81EAE2467A0CF009C3D03 /* JoinUs.xcdatamodel */;
			path = JoinUs.xcdatamodeld;
			sourceTree = "<group>";
			versionGroupType = wrapper.xcdatamodel;
		};
/* End XCVersionGroup section */
	};
	rootObject = FFF81E992467A0CF009C3D03 /* Project object */;
}
